
Microsoft Visual Studio Solution File, Format Version 12.00
# Visual Studio Version 16
VisualStudioVersion = 16.0.28917.181
MinimumVisualStudioVersion = 10.0.40219.1
Project("{9A19103F-16F7-4668-BE54-9A1E7A4F7556}") = "PatternForCore", "PatternForCore\PatternForCore.csproj", "{CE2CF07E-8699-4905-8900-1095BFF58ADB}"
EndProject
Project("{FAE04EC0-301F-11D3-BF4B-00C04F79EFBC}") = "PatternForCore.Services", "PatternForCore.Services\PatternForCore.Services.csproj", "{7DDAC4EE-164E-4190-849A-EE7CD31080AB}"
EndProject
Project("{FAE04EC0-301F-11D3-BF4B-00C04F79EFBC}") = "PatternForCore.Models", "PatternForCore.Models\PatternForCore.Models.csproj", "{5B39732D-7630-44ED-81C0-797603C5B450}"
EndProject
Project("{FAE04EC0-301F-11D3-BF4B-00C04F79EFBC}") = "PatternForCore.Core", "PatternForCore.Core\PatternForCore.Core.csproj", "{894AF62B-5B7A-49AD-86A7-0656CECFBD65}"
EndProject
Project("{FAE04EC0-301F-11D3-BF4B-00C04F79EFBC}") = "PatternForCore.Tests", "PatternForCore.Tests\PatternForCore.Tests.csproj", "{7AEF56D9-C0DD-4FC2-97BD-2F07DE2F17B9}"
EndProject
Global
	GlobalSection(SolutionConfigurationPlatforms) = preSolution
		Debug|Any CPU = Debug|Any CPU
		Release|Any CPU = Release|Any CPU
	EndGlobalSection
	GlobalSection(ProjectConfigurationPlatforms) = postSolution
		{CE2CF07E-8699-4905-8900-1095BFF58ADB}.Debug|Any CPU.ActiveCfg = Debug|Any CPU
		{CE2CF07E-8699-4905-8900-1095BFF58ADB}.Debug|Any CPU.Build.0 = Debug|Any CPU
		{CE2CF07E-8699-4905-8900-1095BFF58ADB}.Release|Any CPU.ActiveCfg = Release|Any CPU
		{CE2CF07E-8699-4905-8900-1095BFF58ADB}.Release|Any CPU.Build.0 = Release|Any CPU
		{7DDAC4EE-164E-4190-849A-EE7CD31080AB}.Debug|Any CPU.ActiveCfg = Debug|Any CPU
		{7DDAC4EE-164E-4190-849A-EE7CD31080AB}.Debug|Any CPU.Build.0 = Debug|Any CPU
		{7DDAC4EE-164E-4190-849A-EE7CD31080AB}.Release|Any CPU.ActiveCfg = Release|Any CPU
		{7DDAC4EE-164E-4190-849A-EE7CD31080AB}.Release|Any CPU.Build.0 = Release|Any CPU
		{5B39732D-7630-44ED-81C0-797603C5B450}.Debug|Any CPU.ActiveCfg = Debug|Any CPU
		{5B39732D-7630-44ED-81C0-797603C5B450}.Debug|Any CPU.Build.0 = Debug|Any CPU
		{5B39732D-7630-44ED-81C0-797603C5B450}.Release|Any CPU.ActiveCfg = Release|Any CPU
		{5B39732D-7630-44ED-81C0-797603C5B450}.Release|Any CPU.Build.0 = Release|Any CPU
		{894AF62B-5B7A-49AD-86A7-0656CECFBD65}.Debug|Any CPU.ActiveCfg = Debug|Any CPU
		{894AF62B-5B7A-49AD-86A7-0656CECFBD65}.Debug|Any CPU.Build.0 = Debug|Any CPU
		{894AF62B-5B7A-49AD-86A7-0656CECFBD65}.Release|Any CPU.ActiveCfg = Release|Any CPU
		{894AF62B-5B7A-49AD-86A7-0656CECFBD65}.Release|Any CPU.Build.0 = Release|Any CPU
		{7AEF56D9-C0DD-4FC2-97BD-2F07DE2F17B9}.Debug|Any CPU.ActiveCfg = Debug|Any CPU
		{7AEF56D9-C0DD-4FC2-97BD-2F07DE2F17B9}.Debug|Any CPU.Build.0 = Debug|Any CPU
		{7AEF56D9-C0DD-4FC2-97BD-2F07DE2F17B9}.Release|Any CPU.ActiveCfg = Release|Any CPU
		{7AEF56D9-C0DD-4FC2-97BD-2F07DE2F17B9}.Release|Any CPU.Build.0 = Release|Any CPU
	EndGlobalSection
	GlobalSection(SolutionProperties) = preSolution
		HideSolutionNode = FALSE
	EndGlobalSection
	GlobalSection(ExtensibilityGlobals) = postSolution
		SolutionGuid = {DE27D86B-FDFF-460D-B669-B4A02D6543A6}
	EndGlobalSection
EndGlobal
